
Microsoft Visual Studio Solution File, Format Version 12.00
# Visual Studio 15
VisualStudioVersion = 15.0.27703.2042
MinimumVisualStudioVersion = 10.0.40219.1
Project("{8BC9CEB8-8B4A-11D0-8D11-00A0C91BC942}") = "ConsoleApplication1", "ConsoleApplication1\ConsoleApplication1.vcxproj", "{687B9F93-2235-4E2A-8785-354FF1544DAE}"
EndProject
Global
	GlobalSection(SolutionConfigurationPlatforms) = preSolution
		Debug|x64 = Debug|x64
		Debug|x86 = Debug|x86
		Release|x64 = Release|x64
		Release|x86 = Release|x86
	EndGlobalSection
	GlobalSection(ProjectConfigurationPlatforms) = postSolution
		{687B9F93-2235-4E2A-8785-354FF1544DAE}.Debug|x64.ActiveCfg = Debug|x64
		{687B9F93-2235-4E2A-8785-354FF1544DAE}.Debug|x64.Build.0 = Debug|x64
		{687B9F93-2235-4E2A-8785-354FF1544DAE}.Debug|x86.ActiveCfg = Debug|Win32
		{687B9F93-2235-4E2A-8785-354FF1544DAE}.Debug|x86.Build.0 = Debug|Win32
		{687B9F93-2235-4E2A-8785-354FF1544DAE}.Release|x64.ActiveCfg = Release|x64
		{687B9F93-2235-4E2A-8785-354FF1544DAE}.Release|x64.Build.0 = Release|x64
		{687B9F93-2235-4E2A-8785-354FF1544DAE}.Release|x86.ActiveCfg = Release|Win32
		{687B9F93-2235-4E2A-8785-354FF1544DAE}.Release|x86.Build.0 = Release|Win32
	EndGlobalSection
	GlobalSection(SolutionProperties) = preSolution
		HideSolutionNode = FALSE
	EndGlobalSection
	GlobalSection(ExtensibilityGlobals) = postSolution
		SolutionGuid = {AEEDF768-196A-4C75-87FE-8E0A6C57C2A9}
	EndGlobalSection
EndGlobal
